
Microsoft Visual Studio Solution File, Format Version 12.00
# Visual Studio Version 17
VisualStudioVersion = 17.14.36623.8 d17.14
MinimumVisualStudioVersion = 10.0.40219.1
Project("{FAE04EC0-301F-11D3-BF4B-00C04F79EFBC}") = "Console.ReadLine", "CSharp_Study\Console.ReadLine.csproj", "{B16DF771-9E31-476A-9F1E-50600261AF10}"
EndProject
Project("{FAE04EC0-301F-11D3-BF4B-00C04F79EFBC}") = "ClassConvert", "ClassConvert\ClassConvert.csproj", "{E1679434-58D4-4C8E-BA29-AC5F77F791BE}"
EndProject
Project("{FAE04EC0-301F-11D3-BF4B-00C04F79EFBC}") = "Parse_TryParse_String", "Parse_TryParse_String\Parse_TryParse_String.csproj", "{0D67A7AD-3BDC-4F8C-86DD-EE6EA8F84157}"
EndProject
Global
	GlobalSection(SolutionConfigurationPlatforms) = preSolution
		Debug|Any CPU = Debug|Any CPU
		Release|Any CPU = Release|Any CPU
	EndGlobalSection
	GlobalSection(ProjectConfigurationPlatforms) = postSolution
		{B16DF771-9E31-476A-9F1E-50600261AF10}.Debug|Any CPU.ActiveCfg = Debug|Any CPU
		{B16DF771-9E31-476A-9F1E-50600261AF10}.Debug|Any CPU.Build.0 = Debug|Any CPU
		{B16DF771-9E31-476A-9F1E-50600261AF10}.Release|Any CPU.ActiveCfg = Release|Any CPU
		{B16DF771-9E31-476A-9F1E-50600261AF10}.Release|Any CPU.Build.0 = Release|Any CPU
		{E1679434-58D4-4C8E-BA29-AC5F77F791BE}.Debug|Any CPU.ActiveCfg = Debug|Any CPU
		{E1679434-58D4-4C8E-BA29-AC5F77F791BE}.Debug|Any CPU.Build.0 = Debug|Any CPU
		{E1679434-58D4-4C8E-BA29-AC5F77F791BE}.Release|Any CPU.ActiveCfg = Release|Any CPU
		{E1679434-58D4-4C8E-BA29-AC5F77F791BE}.Release|Any CPU.Build.0 = Release|Any CPU
		{0D67A7AD-3BDC-4F8C-86DD-EE6EA8F84157}.Debug|Any CPU.ActiveCfg = Debug|Any CPU
		{0D67A7AD-3BDC-4F8C-86DD-EE6EA8F84157}.Debug|Any CPU.Build.0 = Debug|Any CPU
		{0D67A7AD-3BDC-4F8C-86DD-EE6EA8F84157}.Release|Any CPU.ActiveCfg = Release|Any CPU
		{0D67A7AD-3BDC-4F8C-86DD-EE6EA8F84157}.Release|Any CPU.Build.0 = Release|Any CPU
	EndGlobalSection
	GlobalSection(SolutionProperties) = preSolution
		HideSolutionNode = FALSE
	EndGlobalSection
	GlobalSection(ExtensibilityGlobals) = postSolution
		SolutionGuid = {FDFD65D4-AB64-48F9-ACDB-4A7EDF180736}
	EndGlobalSection
EndGlobal
